
Microsoft Visual Studio Solution File, Format Version 12.00
# Visual Studio Version 16
VisualStudioVersion = 16.0.31829.152
MinimumVisualStudioVersion = 10.0.40219.1
Project("{FAE04EC0-301F-11D3-BF4B-00C04F79EFBC}") = "LoopsInLoops", "LoopsInLoops\LoopsInLoops.csproj", "{C9881E77-2E77-4B28-8A51-8FFBE871E868}"
EndProject
Project("{FAE04EC0-301F-11D3-BF4B-00C04F79EFBC}") = "exercise2", "exercise2\exercise2.csproj", "{38911CD5-D51C-4B63-B6CB-52622A4D5788}"
EndProject
Project("{FAE04EC0-301F-11D3-BF4B-00C04F79EFBC}") = "exercise3", "exercise3\exercise3.csproj", "{F621CF21-5532-4E63-AB47-32AE0819A06F}"
EndProject
Project("{FAE04EC0-301F-11D3-BF4B-00C04F79EFBC}") = "exercise4", "exercise4\exercise4.csproj", "{AF82A06E-36FF-42B6-99C0-216D71041688}"
EndProject
Project("{FAE04EC0-301F-11D3-BF4B-00C04F79EFBC}") = "exercise5", "exercise5\exercise5.csproj", "{05D55D1C-34B5-426E-B72E-08EDB69A9D33}"
EndProject
Project("{FAE04EC0-301F-11D3-BF4B-00C04F79EFBC}") = "exercise6", "exercise6\exercise6.csproj", "{9947A2D6-720C-4658-AC16-3AE63F070065}"
EndProject
Global
	GlobalSection(SolutionConfigurationPlatforms) = preSolution
		Debug|Any CPU = Debug|Any CPU
		Release|Any CPU = Release|Any CPU
	EndGlobalSection
	GlobalSection(ProjectConfigurationPlatforms) = postSolution
		{C9881E77-2E77-4B28-8A51-8FFBE871E868}.Debug|Any CPU.ActiveCfg = Debug|Any CPU
		{C9881E77-2E77-4B28-8A51-8FFBE871E868}.Debug|Any CPU.Build.0 = Debug|Any CPU
		{C9881E77-2E77-4B28-8A51-8FFBE871E868}.Release|Any CPU.ActiveCfg = Release|Any CPU
		{C9881E77-2E77-4B28-8A51-8FFBE871E868}.Release|Any CPU.Build.0 = Release|Any CPU
		{38911CD5-D51C-4B63-B6CB-52622A4D5788}.Debug|Any CPU.ActiveCfg = Debug|Any CPU
		{38911CD5-D51C-4B63-B6CB-52622A4D5788}.Debug|Any CPU.Build.0 = Debug|Any CPU
		{38911CD5-D51C-4B63-B6CB-52622A4D5788}.Release|Any CPU.ActiveCfg = Release|Any CPU
		{38911CD5-D51C-4B63-B6CB-52622A4D5788}.Release|Any CPU.Build.0 = Release|Any CPU
		{F621CF21-5532-4E63-AB47-32AE0819A06F}.Debug|Any CPU.ActiveCfg = Debug|Any CPU
		{F621CF21-5532-4E63-AB47-32AE0819A06F}.Debug|Any CPU.Build.0 = Debug|Any CPU
		{F621CF21-5532-4E63-AB47-32AE0819A06F}.Release|Any CPU.ActiveCfg = Release|Any CPU
		{F621CF21-5532-4E63-AB47-32AE0819A06F}.Release|Any CPU.Build.0 = Release|Any CPU
		{AF82A06E-36FF-42B6-99C0-216D71041688}.Debug|Any CPU.ActiveCfg = Debug|Any CPU
		{AF82A06E-36FF-42B6-99C0-216D71041688}.Debug|Any CPU.Build.0 = Debug|Any CPU
		{AF82A06E-36FF-42B6-99C0-216D71041688}.Release|Any CPU.ActiveCfg = Release|Any CPU
		{AF82A06E-36FF-42B6-99C0-216D71041688}.Release|Any CPU.Build.0 = Release|Any CPU
		{05D55D1C-34B5-426E-B72E-08EDB69A9D33}.Debug|Any CPU.ActiveCfg = Debug|Any CPU
		{05D55D1C-34B5-426E-B72E-08EDB69A9D33}.Debug|Any CPU.Build.0 = Debug|Any CPU
		{05D55D1C-34B5-426E-B72E-08EDB69A9D33}.Release|Any CPU.ActiveCfg = Release|Any CPU
		{05D55D1C-34B5-426E-B72E-08EDB69A9D33}.Release|Any CPU.Build.0 = Release|Any CPU
		{9947A2D6-720C-4658-AC16-3AE63F070065}.Debug|Any CPU.ActiveCfg = Debug|Any CPU
		{9947A2D6-720C-4658-AC16-3AE63F070065}.Debug|Any CPU.Build.0 = Debug|Any CPU
		{9947A2D6-720C-4658-AC16-3AE63F070065}.Release|Any CPU.ActiveCfg = Release|Any CPU
		{9947A2D6-720C-4658-AC16-3AE63F070065}.Release|Any CPU.Build.0 = Release|Any CPU
	EndGlobalSection
	GlobalSection(SolutionProperties) = preSolution
		HideSolutionNode = FALSE
	EndGlobalSection
	GlobalSection(ExtensibilityGlobals) = postSolution
		SolutionGuid = {9A489AAE-2C48-4EDA-88BA-2BB8269B08AD}
	EndGlobalSection
EndGlobal
