
Microsoft Visual Studio Solution File, Format Version 12.00
# Visual Studio Version 16
VisualStudioVersion = 16.0.31829.152
MinimumVisualStudioVersion = 10.0.40219.1
Project("{FAE04EC0-301F-11D3-BF4B-00C04F79EFBC}") = "FundamentalsStart", "FundamentalsStart\FundamentalsStart.csproj", "{4366C840-4F31-4513-BCDA-120F75DA58D3}"
EndProject
Project("{FAE04EC0-301F-11D3-BF4B-00C04F79EFBC}") = "ex1", "ex1\ex1.csproj", "{09116F9C-040B-483B-BAC6-BB457E97ADC8}"
EndProject
Global
	GlobalSection(SolutionConfigurationPlatforms) = preSolution
		Debug|Any CPU = Debug|Any CPU
		Release|Any CPU = Release|Any CPU
	EndGlobalSection
	GlobalSection(ProjectConfigurationPlatforms) = postSolution
		{4366C840-4F31-4513-BCDA-120F75DA58D3}.Debug|Any CPU.ActiveCfg = Debug|Any CPU
		{4366C840-4F31-4513-BCDA-120F75DA58D3}.Debug|Any CPU.Build.0 = Debug|Any CPU
		{4366C840-4F31-4513-BCDA-120F75DA58D3}.Release|Any CPU.ActiveCfg = Release|Any CPU
		{4366C840-4F31-4513-BCDA-120F75DA58D3}.Release|Any CPU.Build.0 = Release|Any CPU
		{09116F9C-040B-483B-BAC6-BB457E97ADC8}.Debug|Any CPU.ActiveCfg = Debug|Any CPU
		{09116F9C-040B-483B-BAC6-BB457E97ADC8}.Debug|Any CPU.Build.0 = Debug|Any CPU
		{09116F9C-040B-483B-BAC6-BB457E97ADC8}.Release|Any CPU.ActiveCfg = Release|Any CPU
		{09116F9C-040B-483B-BAC6-BB457E97ADC8}.Release|Any CPU.Build.0 = Release|Any CPU
	EndGlobalSection
	GlobalSection(SolutionProperties) = preSolution
		HideSolutionNode = FALSE
	EndGlobalSection
	GlobalSection(ExtensibilityGlobals) = postSolution
		SolutionGuid = {12A8F74E-B099-4714-B760-01D439B1C338}
	EndGlobalSection
EndGlobal
