
Microsoft Visual Studio Solution File, Format Version 12.00
# Visual Studio Version 16
VisualStudioVersion = 16.0.31829.152
MinimumVisualStudioVersion = 10.0.40219.1
Project("{9A19103F-16F7-4668-BE54-9A1E7A4F7556}") = "exercise1", "exercise1\exercise1.csproj", "{7BD8F40C-8A9E-45AC-A04C-A576536E6656}"
EndProject
Project("{9A19103F-16F7-4668-BE54-9A1E7A4F7556}") = "excercise2", "excercise2\excercise2.csproj", "{6DC8EC3C-BBFA-413E-BD46-F7675F1F26DD}"
EndProject
Project("{9A19103F-16F7-4668-BE54-9A1E7A4F7556}") = "excercise3", "excercise3\excercise3.csproj", "{A434BCFD-4397-4380-9C6E-57D2BE8526E0}"
EndProject
Project("{FAE04EC0-301F-11D3-BF4B-00C04F79EFBC}") = "exercise4", "exercise4\exercise4.csproj", "{8FD592DB-DCED-47C1-B87F-3960B1743829}"
EndProject
Project("{FAE04EC0-301F-11D3-BF4B-00C04F79EFBC}") = "exercise 5", "exercise 5\exercise 5.csproj", "{BAAD78C8-06D9-40E4-9D9D-339A71354EAD}"
EndProject
Project("{FAE04EC0-301F-11D3-BF4B-00C04F79EFBC}") = "exercise 6", "exercise 6\exercise 6.csproj", "{2A10AB5E-7795-47D1-A5E1-7DD876378053}"
EndProject
Project("{FAE04EC0-301F-11D3-BF4B-00C04F79EFBC}") = "exercise7", "exercise7\exercise7.csproj", "{91DF9CB9-BEE8-42F0-AA36-6B51F2F8B30E}"
EndProject
Global
	GlobalSection(SolutionConfigurationPlatforms) = preSolution
		Debug|Any CPU = Debug|Any CPU
		Release|Any CPU = Release|Any CPU
	EndGlobalSection
	GlobalSection(ProjectConfigurationPlatforms) = postSolution
		{7BD8F40C-8A9E-45AC-A04C-A576536E6656}.Debug|Any CPU.ActiveCfg = Debug|Any CPU
		{7BD8F40C-8A9E-45AC-A04C-A576536E6656}.Debug|Any CPU.Build.0 = Debug|Any CPU
		{7BD8F40C-8A9E-45AC-A04C-A576536E6656}.Release|Any CPU.ActiveCfg = Release|Any CPU
		{7BD8F40C-8A9E-45AC-A04C-A576536E6656}.Release|Any CPU.Build.0 = Release|Any CPU
		{6DC8EC3C-BBFA-413E-BD46-F7675F1F26DD}.Debug|Any CPU.ActiveCfg = Debug|Any CPU
		{6DC8EC3C-BBFA-413E-BD46-F7675F1F26DD}.Debug|Any CPU.Build.0 = Debug|Any CPU
		{6DC8EC3C-BBFA-413E-BD46-F7675F1F26DD}.Release|Any CPU.ActiveCfg = Release|Any CPU
		{6DC8EC3C-BBFA-413E-BD46-F7675F1F26DD}.Release|Any CPU.Build.0 = Release|Any CPU
		{A434BCFD-4397-4380-9C6E-57D2BE8526E0}.Debug|Any CPU.ActiveCfg = Debug|Any CPU
		{A434BCFD-4397-4380-9C6E-57D2BE8526E0}.Debug|Any CPU.Build.0 = Debug|Any CPU
		{A434BCFD-4397-4380-9C6E-57D2BE8526E0}.Release|Any CPU.ActiveCfg = Release|Any CPU
		{A434BCFD-4397-4380-9C6E-57D2BE8526E0}.Release|Any CPU.Build.0 = Release|Any CPU
		{8FD592DB-DCED-47C1-B87F-3960B1743829}.Debug|Any CPU.ActiveCfg = Debug|Any CPU
		{8FD592DB-DCED-47C1-B87F-3960B1743829}.Debug|Any CPU.Build.0 = Debug|Any CPU
		{8FD592DB-DCED-47C1-B87F-3960B1743829}.Release|Any CPU.ActiveCfg = Release|Any CPU
		{8FD592DB-DCED-47C1-B87F-3960B1743829}.Release|Any CPU.Build.0 = Release|Any CPU
		{BAAD78C8-06D9-40E4-9D9D-339A71354EAD}.Debug|Any CPU.ActiveCfg = Debug|Any CPU
		{BAAD78C8-06D9-40E4-9D9D-339A71354EAD}.Debug|Any CPU.Build.0 = Debug|Any CPU
		{BAAD78C8-06D9-40E4-9D9D-339A71354EAD}.Release|Any CPU.ActiveCfg = Release|Any CPU
		{BAAD78C8-06D9-40E4-9D9D-339A71354EAD}.Release|Any CPU.Build.0 = Release|Any CPU
		{2A10AB5E-7795-47D1-A5E1-7DD876378053}.Debug|Any CPU.ActiveCfg = Debug|Any CPU
		{2A10AB5E-7795-47D1-A5E1-7DD876378053}.Debug|Any CPU.Build.0 = Debug|Any CPU
		{2A10AB5E-7795-47D1-A5E1-7DD876378053}.Release|Any CPU.ActiveCfg = Release|Any CPU
		{2A10AB5E-7795-47D1-A5E1-7DD876378053}.Release|Any CPU.Build.0 = Release|Any CPU
		{91DF9CB9-BEE8-42F0-AA36-6B51F2F8B30E}.Debug|Any CPU.ActiveCfg = Debug|Any CPU
		{91DF9CB9-BEE8-42F0-AA36-6B51F2F8B30E}.Debug|Any CPU.Build.0 = Debug|Any CPU
		{91DF9CB9-BEE8-42F0-AA36-6B51F2F8B30E}.Release|Any CPU.ActiveCfg = Release|Any CPU
		{91DF9CB9-BEE8-42F0-AA36-6B51F2F8B30E}.Release|Any CPU.Build.0 = Release|Any CPU
	EndGlobalSection
	GlobalSection(SolutionProperties) = preSolution
		HideSolutionNode = FALSE
	EndGlobalSection
	GlobalSection(ExtensibilityGlobals) = postSolution
		SolutionGuid = {1F538F58-84D1-4A2C-BE2D-142336DB0DCC}
	EndGlobalSection
EndGlobal
