
Microsoft Visual Studio Solution File, Format Version 12.00
# Visual Studio Version 17
VisualStudioVersion = 17.0.32112.339
MinimumVisualStudioVersion = 10.0.40219.1
Project("{9A19103F-16F7-4668-BE54-9A1E7A4F7556}") = "E01.AdvertisementMessage", "E01.AdvertisementMessage\E01.AdvertisementMessage.csproj", "{9CE459A7-66B4-4563-9EC0-15EF0D91624A}"
EndProject
Project("{9A19103F-16F7-4668-BE54-9A1E7A4F7556}") = "E02.Articles", "E02.ARticles\E02.Articles.csproj", "{7A2C680A-B4C7-4A82-B267-EAA1265863A4}"
EndProject
Project("{9A19103F-16F7-4668-BE54-9A1E7A4F7556}") = "E03.Articles2.0", "E03.Articles2.0\E03.Articles2.0.csproj", "{A3B65A4B-050B-4503-82DD-918826C5B280}"
EndProject
Project("{9A19103F-16F7-4668-BE54-9A1E7A4F7556}") = "E04.Students", "E04.Students\E04.Students.csproj", "{E98C22A3-5570-4E7F-8469-C640359C67E2}"
EndProject
Project("{FAE04EC0-301F-11D3-BF4B-00C04F79EFBC}") = "E05.TeamworkProjects", "E05.TeamworkProjects\E05.TeamworkProjects.csproj", "{167128D9-98E0-4D35-B83D-E65FBFB89751}"
EndProject
Project("{FAE04EC0-301F-11D3-BF4B-00C04F79EFBC}") = "E06.CarCatalog", "E06.CarCatalog\E06.CarCatalog.csproj", "{3310E080-A276-493B-B8AA-27D3A75A5E32}"
EndProject
Project("{FAE04EC0-301F-11D3-BF4B-00C04F79EFBC}") = "E07.OrderByAge", "E07.OrderByAge\E07.OrderByAge.csproj", "{B0F0D1C8-2C0D-41FB-8868-5F0DF6DCC37A}"
EndProject
Global
	GlobalSection(SolutionConfigurationPlatforms) = preSolution
		Debug|Any CPU = Debug|Any CPU
		Release|Any CPU = Release|Any CPU
	EndGlobalSection
	GlobalSection(ProjectConfigurationPlatforms) = postSolution
		{9CE459A7-66B4-4563-9EC0-15EF0D91624A}.Debug|Any CPU.ActiveCfg = Debug|Any CPU
		{9CE459A7-66B4-4563-9EC0-15EF0D91624A}.Debug|Any CPU.Build.0 = Debug|Any CPU
		{9CE459A7-66B4-4563-9EC0-15EF0D91624A}.Release|Any CPU.ActiveCfg = Release|Any CPU
		{9CE459A7-66B4-4563-9EC0-15EF0D91624A}.Release|Any CPU.Build.0 = Release|Any CPU
		{7A2C680A-B4C7-4A82-B267-EAA1265863A4}.Debug|Any CPU.ActiveCfg = Debug|Any CPU
		{7A2C680A-B4C7-4A82-B267-EAA1265863A4}.Debug|Any CPU.Build.0 = Debug|Any CPU
		{7A2C680A-B4C7-4A82-B267-EAA1265863A4}.Release|Any CPU.ActiveCfg = Release|Any CPU
		{7A2C680A-B4C7-4A82-B267-EAA1265863A4}.Release|Any CPU.Build.0 = Release|Any CPU
		{A3B65A4B-050B-4503-82DD-918826C5B280}.Debug|Any CPU.ActiveCfg = Debug|Any CPU
		{A3B65A4B-050B-4503-82DD-918826C5B280}.Debug|Any CPU.Build.0 = Debug|Any CPU
		{A3B65A4B-050B-4503-82DD-918826C5B280}.Release|Any CPU.ActiveCfg = Release|Any CPU
		{A3B65A4B-050B-4503-82DD-918826C5B280}.Release|Any CPU.Build.0 = Release|Any CPU
		{E98C22A3-5570-4E7F-8469-C640359C67E2}.Debug|Any CPU.ActiveCfg = Debug|Any CPU
		{E98C22A3-5570-4E7F-8469-C640359C67E2}.Debug|Any CPU.Build.0 = Debug|Any CPU
		{E98C22A3-5570-4E7F-8469-C640359C67E2}.Release|Any CPU.ActiveCfg = Release|Any CPU
		{E98C22A3-5570-4E7F-8469-C640359C67E2}.Release|Any CPU.Build.0 = Release|Any CPU
		{167128D9-98E0-4D35-B83D-E65FBFB89751}.Debug|Any CPU.ActiveCfg = Debug|Any CPU
		{167128D9-98E0-4D35-B83D-E65FBFB89751}.Debug|Any CPU.Build.0 = Debug|Any CPU
		{167128D9-98E0-4D35-B83D-E65FBFB89751}.Release|Any CPU.ActiveCfg = Release|Any CPU
		{167128D9-98E0-4D35-B83D-E65FBFB89751}.Release|Any CPU.Build.0 = Release|Any CPU
		{3310E080-A276-493B-B8AA-27D3A75A5E32}.Debug|Any CPU.ActiveCfg = Debug|Any CPU
		{3310E080-A276-493B-B8AA-27D3A75A5E32}.Debug|Any CPU.Build.0 = Debug|Any CPU
		{3310E080-A276-493B-B8AA-27D3A75A5E32}.Release|Any CPU.ActiveCfg = Release|Any CPU
		{3310E080-A276-493B-B8AA-27D3A75A5E32}.Release|Any CPU.Build.0 = Release|Any CPU
		{B0F0D1C8-2C0D-41FB-8868-5F0DF6DCC37A}.Debug|Any CPU.ActiveCfg = Debug|Any CPU
		{B0F0D1C8-2C0D-41FB-8868-5F0DF6DCC37A}.Debug|Any CPU.Build.0 = Debug|Any CPU
		{B0F0D1C8-2C0D-41FB-8868-5F0DF6DCC37A}.Release|Any CPU.ActiveCfg = Release|Any CPU
		{B0F0D1C8-2C0D-41FB-8868-5F0DF6DCC37A}.Release|Any CPU.Build.0 = Release|Any CPU
	EndGlobalSection
	GlobalSection(SolutionProperties) = preSolution
		HideSolutionNode = FALSE
	EndGlobalSection
	GlobalSection(ExtensibilityGlobals) = postSolution
		SolutionGuid = {85DAD13B-1B57-46B7-9C25-70285C56C7C1}
	EndGlobalSection
EndGlobal
