
Microsoft Visual Studio Solution File, Format Version 12.00
# Visual Studio Version 17
VisualStudioVersion = 17.8.34330.188
MinimumVisualStudioVersion = 10.0.40219.1
Project("{9A19103F-16F7-4668-BE54-9A1E7A4F7556}") = "DataVariables", "DataVariables\DataVariables.csproj", "{0FCE29F5-A729-4FD9-9BA8-A3866DA83788}"
EndProject
Project("{FAE04EC0-301F-11D3-BF4B-00C04F79EFBC}") = "E01_ConvertMetersToKm", "E01_ConvertMetersToKm\E01_ConvertMetersToKm.csproj", "{388A57A2-2AC9-4CF4-956B-AFDA69D310B9}"
EndProject
Project("{FAE04EC0-301F-11D3-BF4B-00C04F79EFBC}") = "E02_PoundsToDollars", "E02_PoundsToDollars\E02_PoundsToDollars.csproj", "{62C9CAFB-1137-45C0-AFD3-9629E60FC80B}"
EndProject
Project("{FAE04EC0-301F-11D3-BF4B-00C04F79EFBC}") = "E03_ExactSumOfRealNums", "E03_ExactSumOfRealNums\E03_ExactSumOfRealNums.csproj", "{18CD208E-8092-4E23-8EFC-D8481A765B02}"
EndProject
Project("{FAE04EC0-301F-11D3-BF4B-00C04F79EFBC}") = "E04_CenturiesToMinutes", "E04_CenturiesToMinutes\E04_CenturiesToMinutes.csproj", "{E934C892-6A55-4278-B63B-B3C717CC7C40}"
EndProject
Project("{FAE04EC0-301F-11D3-BF4B-00C04F79EFBC}") = "E05_SpecialNumbers", "E05_SpecialNumbers\E05_SpecialNumbers.csproj", "{5CC89C1C-32A4-40EC-9D16-6C45A00D4247}"
EndProject
Project("{FAE04EC0-301F-11D3-BF4B-00C04F79EFBC}") = "E06_ReversedChars", "E06_ReversedChars\E06_ReversedChars.csproj", "{6916AF33-4472-489D-B619-2331B0FC7764}"
EndProject
Project("{FAE04EC0-301F-11D3-BF4B-00C04F79EFBC}") = "E07_ConcatNames", "E07_ConcatNames\E07_ConcatNames.csproj", "{C0AAFED2-85F0-447D-A461-14D0493346FE}"
EndProject
Project("{FAE04EC0-301F-11D3-BF4B-00C04F79EFBC}") = "E08_TownInfo", "E08_TownInfo\E08_TownInfo.csproj", "{4A01305C-F66A-4266-B206-2C2B0FFD3831}"
EndProject
Project("{FAE04EC0-301F-11D3-BF4B-00C04F79EFBC}") = "E09_CharsToString", "E09_CharsToString\E09_CharsToString.csproj", "{B5D1C99C-0DAB-4B9A-81ED-ACF50970C8F1}"
EndProject
Project("{FAE04EC0-301F-11D3-BF4B-00C04F79EFBC}") = "10_LowerToUpper", "10_LowerToUpper\10_LowerToUpper.csproj", "{C69332D9-7F89-4154-B239-7230DDBF7B19}"
EndProject
Project("{FAE04EC0-301F-11D3-BF4B-00C04F79EFBC}") = "11_RefacotrVolumeOfPyramid", "11_RefacotrVolumeOfPyramid\11_RefacotrVolumeOfPyramid.csproj", "{A7D1BC3C-EABC-42B5-8EC3-998982DD3B0A}"
EndProject
Project("{FAE04EC0-301F-11D3-BF4B-00C04F79EFBC}") = "12_RefactorSpecialNumbers", "12_RefactorSpecialNumbers\12_RefactorSpecialNumbers.csproj", "{70CF7FBD-AE85-4367-82EE-51D1E556487E}"
EndProject
Global
	GlobalSection(SolutionConfigurationPlatforms) = preSolution
		Debug|Any CPU = Debug|Any CPU
		Release|Any CPU = Release|Any CPU
	EndGlobalSection
	GlobalSection(ProjectConfigurationPlatforms) = postSolution
		{0FCE29F5-A729-4FD9-9BA8-A3866DA83788}.Debug|Any CPU.ActiveCfg = Debug|Any CPU
		{0FCE29F5-A729-4FD9-9BA8-A3866DA83788}.Debug|Any CPU.Build.0 = Debug|Any CPU
		{0FCE29F5-A729-4FD9-9BA8-A3866DA83788}.Release|Any CPU.ActiveCfg = Release|Any CPU
		{0FCE29F5-A729-4FD9-9BA8-A3866DA83788}.Release|Any CPU.Build.0 = Release|Any CPU
		{388A57A2-2AC9-4CF4-956B-AFDA69D310B9}.Debug|Any CPU.ActiveCfg = Debug|Any CPU
		{388A57A2-2AC9-4CF4-956B-AFDA69D310B9}.Debug|Any CPU.Build.0 = Debug|Any CPU
		{388A57A2-2AC9-4CF4-956B-AFDA69D310B9}.Release|Any CPU.ActiveCfg = Release|Any CPU
		{388A57A2-2AC9-4CF4-956B-AFDA69D310B9}.Release|Any CPU.Build.0 = Release|Any CPU
		{62C9CAFB-1137-45C0-AFD3-9629E60FC80B}.Debug|Any CPU.ActiveCfg = Debug|Any CPU
		{62C9CAFB-1137-45C0-AFD3-9629E60FC80B}.Debug|Any CPU.Build.0 = Debug|Any CPU
		{62C9CAFB-1137-45C0-AFD3-9629E60FC80B}.Release|Any CPU.ActiveCfg = Release|Any CPU
		{62C9CAFB-1137-45C0-AFD3-9629E60FC80B}.Release|Any CPU.Build.0 = Release|Any CPU
		{18CD208E-8092-4E23-8EFC-D8481A765B02}.Debug|Any CPU.ActiveCfg = Debug|Any CPU
		{18CD208E-8092-4E23-8EFC-D8481A765B02}.Debug|Any CPU.Build.0 = Debug|Any CPU
		{18CD208E-8092-4E23-8EFC-D8481A765B02}.Release|Any CPU.ActiveCfg = Release|Any CPU
		{18CD208E-8092-4E23-8EFC-D8481A765B02}.Release|Any CPU.Build.0 = Release|Any CPU
		{E934C892-6A55-4278-B63B-B3C717CC7C40}.Debug|Any CPU.ActiveCfg = Debug|Any CPU
		{E934C892-6A55-4278-B63B-B3C717CC7C40}.Debug|Any CPU.Build.0 = Debug|Any CPU
		{E934C892-6A55-4278-B63B-B3C717CC7C40}.Release|Any CPU.ActiveCfg = Release|Any CPU
		{E934C892-6A55-4278-B63B-B3C717CC7C40}.Release|Any CPU.Build.0 = Release|Any CPU
		{5CC89C1C-32A4-40EC-9D16-6C45A00D4247}.Debug|Any CPU.ActiveCfg = Debug|Any CPU
		{5CC89C1C-32A4-40EC-9D16-6C45A00D4247}.Debug|Any CPU.Build.0 = Debug|Any CPU
		{5CC89C1C-32A4-40EC-9D16-6C45A00D4247}.Release|Any CPU.ActiveCfg = Release|Any CPU
		{5CC89C1C-32A4-40EC-9D16-6C45A00D4247}.Release|Any CPU.Build.0 = Release|Any CPU
		{6916AF33-4472-489D-B619-2331B0FC7764}.Debug|Any CPU.ActiveCfg = Debug|Any CPU
		{6916AF33-4472-489D-B619-2331B0FC7764}.Debug|Any CPU.Build.0 = Debug|Any CPU
		{6916AF33-4472-489D-B619-2331B0FC7764}.Release|Any CPU.ActiveCfg = Release|Any CPU
		{6916AF33-4472-489D-B619-2331B0FC7764}.Release|Any CPU.Build.0 = Release|Any CPU
		{C0AAFED2-85F0-447D-A461-14D0493346FE}.Debug|Any CPU.ActiveCfg = Debug|Any CPU
		{C0AAFED2-85F0-447D-A461-14D0493346FE}.Debug|Any CPU.Build.0 = Debug|Any CPU
		{C0AAFED2-85F0-447D-A461-14D0493346FE}.Release|Any CPU.ActiveCfg = Release|Any CPU
		{C0AAFED2-85F0-447D-A461-14D0493346FE}.Release|Any CPU.Build.0 = Release|Any CPU
		{4A01305C-F66A-4266-B206-2C2B0FFD3831}.Debug|Any CPU.ActiveCfg = Debug|Any CPU
		{4A01305C-F66A-4266-B206-2C2B0FFD3831}.Debug|Any CPU.Build.0 = Debug|Any CPU
		{4A01305C-F66A-4266-B206-2C2B0FFD3831}.Release|Any CPU.ActiveCfg = Release|Any CPU
		{4A01305C-F66A-4266-B206-2C2B0FFD3831}.Release|Any CPU.Build.0 = Release|Any CPU
		{B5D1C99C-0DAB-4B9A-81ED-ACF50970C8F1}.Debug|Any CPU.ActiveCfg = Debug|Any CPU
		{B5D1C99C-0DAB-4B9A-81ED-ACF50970C8F1}.Debug|Any CPU.Build.0 = Debug|Any CPU
		{B5D1C99C-0DAB-4B9A-81ED-ACF50970C8F1}.Release|Any CPU.ActiveCfg = Release|Any CPU
		{B5D1C99C-0DAB-4B9A-81ED-ACF50970C8F1}.Release|Any CPU.Build.0 = Release|Any CPU
		{C69332D9-7F89-4154-B239-7230DDBF7B19}.Debug|Any CPU.ActiveCfg = Debug|Any CPU
		{C69332D9-7F89-4154-B239-7230DDBF7B19}.Debug|Any CPU.Build.0 = Debug|Any CPU
		{C69332D9-7F89-4154-B239-7230DDBF7B19}.Release|Any CPU.ActiveCfg = Release|Any CPU
		{C69332D9-7F89-4154-B239-7230DDBF7B19}.Release|Any CPU.Build.0 = Release|Any CPU
		{A7D1BC3C-EABC-42B5-8EC3-998982DD3B0A}.Debug|Any CPU.ActiveCfg = Debug|Any CPU
		{A7D1BC3C-EABC-42B5-8EC3-998982DD3B0A}.Debug|Any CPU.Build.0 = Debug|Any CPU
		{A7D1BC3C-EABC-42B5-8EC3-998982DD3B0A}.Release|Any CPU.ActiveCfg = Release|Any CPU
		{A7D1BC3C-EABC-42B5-8EC3-998982DD3B0A}.Release|Any CPU.Build.0 = Release|Any CPU
		{70CF7FBD-AE85-4367-82EE-51D1E556487E}.Debug|Any CPU.ActiveCfg = Debug|Any CPU
		{70CF7FBD-AE85-4367-82EE-51D1E556487E}.Debug|Any CPU.Build.0 = Debug|Any CPU
		{70CF7FBD-AE85-4367-82EE-51D1E556487E}.Release|Any CPU.ActiveCfg = Release|Any CPU
		{70CF7FBD-AE85-4367-82EE-51D1E556487E}.Release|Any CPU.Build.0 = Release|Any CPU
	EndGlobalSection
	GlobalSection(SolutionProperties) = preSolution
		HideSolutionNode = FALSE
	EndGlobalSection
	GlobalSection(ExtensibilityGlobals) = postSolution
		SolutionGuid = {32DA937E-8BEA-4887-8062-BB42AAD07895}
	EndGlobalSection
EndGlobal
