
Microsoft Visual Studio Solution File, Format Version 12.00
# Visual Studio Version 17
VisualStudioVersion = 17.1.32210.238
MinimumVisualStudioVersion = 10.0.40219.1
Project("{FAE04EC0-301F-11D3-BF4B-00C04F79EFBC}") = "Problem01", "Problem01\Problem01.csproj", "{BC66203B-FF11-49A5-97AF-9C17C81CAA47}"
EndProject
Project("{FAE04EC0-301F-11D3-BF4B-00C04F79EFBC}") = "E02.AMinertask", "E02.AMinertask\E02.AMinertask.csproj", "{0B2847A7-F269-4D2F-A2E3-F8EE216E27F0}"
EndProject
Project("{FAE04EC0-301F-11D3-BF4B-00C04F79EFBC}") = "E03.LegendaryFarming", "E03.LegendaryFarming\E03.LegendaryFarming.csproj", "{A8E72A99-FBA4-47E1-AE20-E28BB6460E45}"
EndProject
Project("{FAE04EC0-301F-11D3-BF4B-00C04F79EFBC}") = "E04.Orders", "E04.Orders\E04.Orders.csproj", "{351F64AD-0EF4-478F-9833-C605B1BCEF19}"
EndProject
Project("{FAE04EC0-301F-11D3-BF4B-00C04F79EFBC}") = "E05.SoftUniParking", "E05.SoftUniParking\E05.SoftUniParking.csproj", "{44AE8767-6FB1-455B-A48C-0B08955C87FA}"
EndProject
Project("{FAE04EC0-301F-11D3-BF4B-00C04F79EFBC}") = "E06.Courses", "E06.Courses\E06.Courses.csproj", "{FA26C652-0FB7-460D-81F3-442033FA2C4E}"
EndProject
Project("{FAE04EC0-301F-11D3-BF4B-00C04F79EFBC}") = "E07.StudentAcademy", "E07.StudentAcademy\E07.StudentAcademy.csproj", "{70B0C092-2C25-4861-8076-A860BA3E24BC}"
EndProject
Project("{FAE04EC0-301F-11D3-BF4B-00C04F79EFBC}") = "E08.CompanyUsers", "E08.CompanyUsers\E08.CompanyUsers.csproj", "{1F42F4AC-6F94-4AC5-A243-A1F78BE5EC8A}"
EndProject
Global
	GlobalSection(SolutionConfigurationPlatforms) = preSolution
		Debug|Any CPU = Debug|Any CPU
		Release|Any CPU = Release|Any CPU
	EndGlobalSection
	GlobalSection(ProjectConfigurationPlatforms) = postSolution
		{BC66203B-FF11-49A5-97AF-9C17C81CAA47}.Debug|Any CPU.ActiveCfg = Debug|Any CPU
		{BC66203B-FF11-49A5-97AF-9C17C81CAA47}.Debug|Any CPU.Build.0 = Debug|Any CPU
		{BC66203B-FF11-49A5-97AF-9C17C81CAA47}.Release|Any CPU.ActiveCfg = Release|Any CPU
		{BC66203B-FF11-49A5-97AF-9C17C81CAA47}.Release|Any CPU.Build.0 = Release|Any CPU
		{0B2847A7-F269-4D2F-A2E3-F8EE216E27F0}.Debug|Any CPU.ActiveCfg = Debug|Any CPU
		{0B2847A7-F269-4D2F-A2E3-F8EE216E27F0}.Debug|Any CPU.Build.0 = Debug|Any CPU
		{0B2847A7-F269-4D2F-A2E3-F8EE216E27F0}.Release|Any CPU.ActiveCfg = Release|Any CPU
		{0B2847A7-F269-4D2F-A2E3-F8EE216E27F0}.Release|Any CPU.Build.0 = Release|Any CPU
		{A8E72A99-FBA4-47E1-AE20-E28BB6460E45}.Debug|Any CPU.ActiveCfg = Debug|Any CPU
		{A8E72A99-FBA4-47E1-AE20-E28BB6460E45}.Debug|Any CPU.Build.0 = Debug|Any CPU
		{A8E72A99-FBA4-47E1-AE20-E28BB6460E45}.Release|Any CPU.ActiveCfg = Release|Any CPU
		{A8E72A99-FBA4-47E1-AE20-E28BB6460E45}.Release|Any CPU.Build.0 = Release|Any CPU
		{351F64AD-0EF4-478F-9833-C605B1BCEF19}.Debug|Any CPU.ActiveCfg = Debug|Any CPU
		{351F64AD-0EF4-478F-9833-C605B1BCEF19}.Debug|Any CPU.Build.0 = Debug|Any CPU
		{351F64AD-0EF4-478F-9833-C605B1BCEF19}.Release|Any CPU.ActiveCfg = Release|Any CPU
		{351F64AD-0EF4-478F-9833-C605B1BCEF19}.Release|Any CPU.Build.0 = Release|Any CPU
		{44AE8767-6FB1-455B-A48C-0B08955C87FA}.Debug|Any CPU.ActiveCfg = Debug|Any CPU
		{44AE8767-6FB1-455B-A48C-0B08955C87FA}.Debug|Any CPU.Build.0 = Debug|Any CPU
		{44AE8767-6FB1-455B-A48C-0B08955C87FA}.Release|Any CPU.ActiveCfg = Release|Any CPU
		{44AE8767-6FB1-455B-A48C-0B08955C87FA}.Release|Any CPU.Build.0 = Release|Any CPU
		{FA26C652-0FB7-460D-81F3-442033FA2C4E}.Debug|Any CPU.ActiveCfg = Debug|Any CPU
		{FA26C652-0FB7-460D-81F3-442033FA2C4E}.Debug|Any CPU.Build.0 = Debug|Any CPU
		{FA26C652-0FB7-460D-81F3-442033FA2C4E}.Release|Any CPU.ActiveCfg = Release|Any CPU
		{FA26C652-0FB7-460D-81F3-442033FA2C4E}.Release|Any CPU.Build.0 = Release|Any CPU
		{70B0C092-2C25-4861-8076-A860BA3E24BC}.Debug|Any CPU.ActiveCfg = Debug|Any CPU
		{70B0C092-2C25-4861-8076-A860BA3E24BC}.Debug|Any CPU.Build.0 = Debug|Any CPU
		{70B0C092-2C25-4861-8076-A860BA3E24BC}.Release|Any CPU.ActiveCfg = Release|Any CPU
		{70B0C092-2C25-4861-8076-A860BA3E24BC}.Release|Any CPU.Build.0 = Release|Any CPU
		{1F42F4AC-6F94-4AC5-A243-A1F78BE5EC8A}.Debug|Any CPU.ActiveCfg = Debug|Any CPU
		{1F42F4AC-6F94-4AC5-A243-A1F78BE5EC8A}.Debug|Any CPU.Build.0 = Debug|Any CPU
		{1F42F4AC-6F94-4AC5-A243-A1F78BE5EC8A}.Release|Any CPU.ActiveCfg = Release|Any CPU
		{1F42F4AC-6F94-4AC5-A243-A1F78BE5EC8A}.Release|Any CPU.Build.0 = Release|Any CPU
	EndGlobalSection
	GlobalSection(SolutionProperties) = preSolution
		HideSolutionNode = FALSE
	EndGlobalSection
	GlobalSection(ExtensibilityGlobals) = postSolution
		SolutionGuid = {5FA80434-B2F3-45F9-9878-ECF4DBE73991}
	EndGlobalSection
EndGlobal
